Microsoft Visual Studio Solution File, Format Version 12.00
# Visual Studio Version 17
VisualStudioVersion = 17.5.2.0
MinimumVisualStudioVersion = 10.0.40219.1
Project("{FAE04EC0-301F-11D3-BF4B-00C04F79EFBC}") = "versioning-demo-dotnet-console", "versioning-demo-dotnet-console.csproj", "{4CEB1738-E973-EAD5-D9A8-5D32E6490AE8}"
EndProject
Global
	GlobalSection(SolutionConfigurationPlatforms) = preSolution
		Debug|Any CPU = Debug|Any CPU
		Release|Any CPU = Release|Any CPU
	EndGlobalSection
	GlobalSection(ProjectConfigurationPlatforms) = postSolution
		{4CEB1738-E973-EAD5-D9A8-5D32E6490AE8}.Debug|Any CPU.ActiveCfg = Debug|Any CPU
		{4CEB1738-E973-EAD5-D9A8-5D32E6490AE8}.Debug|Any CPU.Build.0 = Debug|Any CPU
		{4CEB1738-E973-EAD5-D9A8-5D32E6490AE8}.Release|Any CPU.ActiveCfg = Release|Any CPU
		{4CEB1738-E973-EAD5-D9A8-5D32E6490AE8}.Release|Any CPU.Build.0 = Release|Any CPU
	EndGlobalSection
	GlobalSection(SolutionProperties) = preSolution
		HideSolutionNode = FALSE
	EndGlobalSection
	GlobalSection(ExtensibilityGlobals) = postSolution
		SolutionGuid = {F2247570-16AA-49AD-AD0D-8C007E177BDC}
	EndGlobalSection
EndGlobal
